// !$*UTF8*$!
{
	archiveVersion = 1;
	classes = {
	};
	objectVersion = 55;
	objects = {

/* Begin PBXBuildFile section */
		D6C33FBB27C243B0003C268F /* Array+Ext.swift in Sources */ = {isa = PBXBuildFile; fileRef = D6C33FBA27C243B0003C268F /* Array+Ext.swift */; };
		D6C62BCB27BF314A0056092C /* AppDelegate.swift in Sources */ = {isa = PBXBuildFile; fileRef = D6C62BCA27BF314A0056092C /* AppDelegate.swift */; };
		D6C62BCD27BF314A0056092C /* SceneDelegate.swift in Sources */ = {isa = PBXBuildFile; fileRef = D6C62BCC27BF314A0056092C /* SceneDelegate.swift */; };
		D6C62BCF27BF314A0056092C /* ViewController.swift in Sources */ = {isa = PBXBuildFile; fileRef = D6C62BCE27BF314A0056092C /* ViewController.swift */; };
		D6C62BD227BF314A0056092C /* Main.storyboard in Resources */ = {isa = PBXBuildFile; fileRef = D6C62BD027BF314A0056092C /* Main.storyboard */; };
		D6C62BD427BF314B0056092C /* Assets.xcassets in Resources */ = {isa = PBXBuildFile; fileRef = D6C62BD327BF314B0056092C /* Assets.xcassets */; };
		D6C62BD727BF314B0056092C /* LaunchScreen.storyboard in Resources */ = {isa = PBXBuildFile; fileRef = D6C62BD527BF314B0056092C /* LaunchScreen.storyboard */; };
		D6C62BE227BF314C0056092C /* AssignmentTests.swift in Sources */ = {isa = PBXBuildFile; fileRef = D6C62BE127BF314C0056092C /* AssignmentTests.swift */; };
		D6C62BEC27BF314C0056092C /* AssignmentUITests.swift in Sources */ = {isa = PBXBuildFile; fileRef = D6C62BEB27BF314C0056092C /* AssignmentUITests.swift */; };
		D6C62BEE27BF314C0056092C /* AssignmentUITestsLaunchTests.swift in Sources */ = {isa = PBXBuildFile; fileRef = D6C62BED27BF314C0056092C /* AssignmentUITestsLaunchTests.swift */; };
		D6C62C0627BF37E60056092C /* cities.json in Resources */ = {isa = PBXBuildFile; fileRef = D6C62C0527BF37E60056092C /* cities.json */; };
		D6C62C0827BF38170056092C /* Helper.swift in Sources */ = {isa = PBXBuildFile; fileRef = D6C62C0727BF38170056092C /* Helper.swift */; };
		D6C62C0A27BF3B490056092C /* CityModel.swift in Sources */ = {isa = PBXBuildFile; fileRef = D6C62C0927BF3B490056092C /* CityModel.swift */; };
		D6C62C0D27BF3F9D0056092C /* CitiesViewController.swift in Sources */ = {isa = PBXBuildFile; fileRef = D6C62C0B27BF3F9D0056092C /* CitiesViewController.swift */; };
		D6C62C0E27BF3F9D0056092C /* CitiesViewController.xib in Resources */ = {isa = PBXBuildFile; fileRef = D6C62C0C27BF3F9D0056092C /* CitiesViewController.xib */; };
		D6C62C1227BF3FED0056092C /* CityTableViewCell.swift in Sources */ = {isa = PBXBuildFile; fileRef = D6C62C1027BF3FED0056092C /* CityTableViewCell.swift */; };
		D6C62C1327BF3FED0056092C /* CityTableViewCell.xib in Resources */ = {isa = PBXBuildFile; fileRef = D6C62C1127BF3FED0056092C /* CityTableViewCell.xib */; };
		D6C62C1627BF4A8C0056092C /* MapViewController.swift in Sources */ = {isa = PBXBuildFile; fileRef = D6C62C1427BF4A8C0056092C /* MapViewController.swift */; };
		D6C62C1727BF4A8C0056092C /* MapViewController.xib in Resources */ = {isa = PBXBuildFile; fileRef = D6C62C1527BF4A8C0056092C /* MapViewController.xib */; };
		D6C62C2027BF68C70056092C /* SearchCityService.swift in Sources */ = {isa = PBXBuildFile; fileRef = D6C62C1F27BF68C70056092C /* SearchCityService.swift */; };
		D6C690F127BFD67D0025B3F1 /* String+Ext.swift in Sources */ = {isa = PBXBuildFile; fileRef = D6C690F027BFD67D0025B3F1 /* String+Ext.swift */; };
/* End PBXBuildFile section */

/* Begin PBXContainerItemProxy section */
		D6C62BDE27BF314C0056092C /* PBXContainerItemProxy */ = {
			isa = PBXContainerItemProxy;
			containerPortal = D6C62BBF27BF314A0056092C /* Project object */;
			proxyType = 1;
			remoteGlobalIDString = D6C62BC627BF314A0056092C;
			remoteInfo = Assignment;
		};
		D6C62BE827BF314C0056092C /* PBXContainerItemProxy */ = {
			isa = PBXContainerItemProxy;
			containerPortal = D6C62BBF27BF314A0056092C /* Project object */;
			proxyType = 1;
			remoteGlobalIDString = D6C62BC627BF314A0056092C;
			remoteInfo = Assignment;
		};
/* End PBXContainerItemProxy section */

/* Begin PBXFileReference section */
		D6C33FBA27C243B0003C268F /* Array+Ext.swift */ = {isa = PBXFileReference; lastKnownFileType = sourcecode.swift; path = "Array+Ext.swift"; sourceTree = "<group>"; };
		D6C62BC727BF314A0056092C /* Assignment.app */ = {isa = PBXFileReference; explicitFileType = wrapper.application; includeInIndex = 0; path = Assignment.app; sourceTree = BUILT_PRODUCTS_DIR; };
		D6C62BCA27BF314A0056092C /* AppDelegate.swift */ = {isa = PBXFileReference; lastKnownFileType = sourcecode.swift; path = AppDelegate.swift; sourceTree = "<group>"; };
		D6C62BCC27BF314A0056092C /* SceneDelegate.swift */ = {isa = PBXFileReference; lastKnownFileType = sourcecode.swift; path = SceneDelegate.swift; sourceTree = "<group>"; };
		D6C62BCE27BF314A0056092C /* ViewController.swift */ = {isa = PBXFileReference; lastKnownFileType = sourcecode.swift; path = ViewController.swift; sourceTree = "<group>"; };
		D6C62BD127BF314A0056092C /* Base */ = {isa = PBXFileReference; lastKnownFileType = file.storyboard; name = Base; path = Base.lproj/Main.storyboard; sourceTree = "<group>"; };
		D6C62BD327BF314B0056092C /* Assets.xcassets */ = {isa = PBXFileReference; lastKnownFileType = folder.assetcatalog; path = Assets.xcassets; sourceTree = "<group>"; };
		D6C62BD627BF314B0056092C /* Base */ = {isa = PBXFileReference; lastKnownFileType = file.storyboard; name = Base; path = Base.lproj/LaunchScreen.storyboard; sourceTree = "<group>"; };
		D6C62BD827BF314B0056092C /* Info.plist */ = {isa = PBXFileReference; lastKnownFileType = text.plist.xml; path = Info.plist; sourceTree = "<group>"; };
		D6C62BDD27BF314C0056092C /* AssignmentTests.xctest */ = {isa = PBXFileReference; explicitFileType = wrapper.cfbundle; includeInIndex = 0; path = AssignmentTests.xctest; sourceTree = BUILT_PRODUCTS_DIR; };
		D6C62BE127BF314C0056092C /* AssignmentTests.swift */ = {isa = PBXFileReference; lastKnownFileType = sourcecode.swift; path = AssignmentTests.swift; sourceTree = "<group>"; };
		D6C62BE727BF314C0056092C /* AssignmentUITests.xctest */ = {isa = PBXFileReference; explicitFileType = wrapper.cfbundle; includeInIndex = 0; path = AssignmentUITests.xctest; sourceTree = BUILT_PRODUCTS_DIR; };
		D6C62BEB27BF314C0056092C /* AssignmentUITests.swift */ = {isa = PBXFileReference; lastKnownFileType = sourcecode.swift; path = AssignmentUITests.swift; sourceTree = "<group>"; };
		D6C62BED27BF314C0056092C /* AssignmentUITestsLaunchTests.swift */ = {isa = PBXFileReference; lastKnownFileType = sourcecode.swift; path = AssignmentUITestsLaunchTests.swift; sourceTree = "<group>"; };
		D6C62C0527BF37E60056092C /* cities.json */ = {isa = PBXFileReference; fileEncoding = 4; lastKnownFileType = text.json; path = cities.json; sourceTree = "<group>"; };
		D6C62C0727BF38170056092C /* Helper.swift */ = {isa = PBXFileReference; lastKnownFileType = sourcecode.swift; path = Helper.swift; sourceTree = "<group>"; };
		D6C62C0927BF3B490056092C /* CityModel.swift */ = {isa = PBXFileReference; fileEncoding = 4; lastKnownFileType = sourcecode.swift; path = CityModel.swift; sourceTree = "<group>"; };
		D6C62C0B27BF3F9D0056092C /* CitiesViewController.swift */ = {isa = PBXFileReference; lastKnownFileType = sourcecode.swift; path = CitiesViewController.swift; sourceTree = "<group>"; };
		D6C62C0C27BF3F9D0056092C /* CitiesViewController.xib */ = {isa = PBXFileReference; lastKnownFileType = file.xib; path = CitiesViewController.xib; sourceTree = "<group>"; };
		D6C62C1027BF3FED0056092C /* CityTableViewCell.swift */ = {isa = PBXFileReference; lastKnownFileType = sourcecode.swift; path = CityTableViewCell.swift; sourceTree = "<group>"; };
		D6C62C1127BF3FED0056092C /* CityTableViewCell.xib */ = {isa = PBXFileReference; lastKnownFileType = file.xib; path = CityTableViewCell.xib; sourceTree = "<group>"; };
		D6C62C1427BF4A8C0056092C /* MapViewController.swift */ = {isa = PBXFileReference; lastKnownFileType = sourcecode.swift; path = MapViewController.swift; sourceTree = "<group>"; };
		D6C62C1527BF4A8C0056092C /* MapViewController.xib */ = {isa = PBXFileReference; lastKnownFileType = file.xib; path = MapViewController.xib; sourceTree = "<group>"; };
		D6C62C1F27BF68C70056092C /* SearchCityService.swift */ = {isa = PBXFileReference; lastKnownFileType = sourcecode.swift; path = SearchCityService.swift; sourceTree = "<group>"; };
		D6C690F027BFD67D0025B3F1 /* String+Ext.swift */ = {isa = PBXFileReference; lastKnownFileType = sourcecode.swift; path = "String+Ext.swift"; sourceTree = "<group>"; };
/* End PBXFileReference section */

/* Begin PBXFrameworksBuildPhase section */
		D6C62BC427BF314A0056092C /* Frameworks */ = {
			isa = PBXFrameworksBuildPhase;
			buildActionMask = 2147483647;
			files = (
			);
			runOnlyForDeploymentPostprocessing = 0;
		};
		D6C62BDA27BF314C0056092C /* Frameworks */ = {
			isa = PBXFrameworksBuildPhase;
			buildActionMask = 2147483647;
			files = (
			);
			runOnlyForDeploymentPostprocessing = 0;
		};
		D6C62BE427BF314C0056092C /* Frameworks */ = {
			isa = PBXFrameworksBuildPhase;
			buildActionMask = 2147483647;
			files = (
			);
			runOnlyForDeploymentPostprocessing = 0;
		};
/* End PBXFrameworksBuildPhase section */

/* Begin PBXGroup section */
		D6C62BBE27BF314A0056092C = {
			isa = PBXGroup;
			children = (
				D6C62BC927BF314A0056092C /* Assignment */,
				D6C62BE027BF314C0056092C /* AssignmentTests */,
				D6C62BEA27BF314C0056092C /* AssignmentUITests */,
				D6C62BC827BF314A0056092C /* Products */,
			);
			sourceTree = "<group>";
		};
		D6C62BC827BF314A0056092C /* Products */ = {
			isa = PBXGroup;
			children = (
				D6C62BC727BF314A0056092C /* Assignment.app */,
				D6C62BDD27BF314C0056092C /* AssignmentTests.xctest */,
				D6C62BE727BF314C0056092C /* AssignmentUITests.xctest */,
			);
			name = Products;
			sourceTree = "<group>";
		};
		D6C62BC927BF314A0056092C /* Assignment */ = {
			isa = PBXGroup;
			children = (
				D6C62BFF27BF361A0056092C /* Core */,
				D6C62BFA27BF35520056092C /* ViewControllers */,
				D6C62BCA27BF314A0056092C /* AppDelegate.swift */,
				D6C62BCC27BF314A0056092C /* SceneDelegate.swift */,
				D6C62BCE27BF314A0056092C /* ViewController.swift */,
				D6C62BD027BF314A0056092C /* Main.storyboard */,
				D6C62BD327BF314B0056092C /* Assets.xcassets */,
				D6C62BD527BF314B0056092C /* LaunchScreen.storyboard */,
				D6C62BD827BF314B0056092C /* Info.plist */,
			);
			path = Assignment;
			sourceTree = "<group>";
		};
		D6C62BE027BF314C0056092C /* AssignmentTests */ = {
			isa = PBXGroup;
			children = (
				D6C62BE127BF314C0056092C /* AssignmentTests.swift */,
			);
			path = AssignmentTests;
			sourceTree = "<group>";
		};
		D6C62BEA27BF314C0056092C /* AssignmentUITests */ = {
			isa = PBXGroup;
			children = (
				D6C62BEB27BF314C0056092C /* AssignmentUITests.swift */,
				D6C62BED27BF314C0056092C /* AssignmentUITestsLaunchTests.swift */,
			);
			path = AssignmentUITests;
			sourceTree = "<group>";
		};
		D6C62BFA27BF35520056092C /* ViewControllers */ = {
			isa = PBXGroup;
			children = (
				D6C62BFE27BF35870056092C /* MapViewContoller */,
				D6C62BFD27BF35750056092C /* CitiesViewController */,
			);
			path = ViewControllers;
			sourceTree = "<group>";
		};
		D6C62BFD27BF35750056092C /* CitiesViewController */ = {
			isa = PBXGroup;
			children = (
				D6C62C0F27BF3FCD0056092C /* Cells */,
				D6C62C0B27BF3F9D0056092C /* CitiesViewController.swift */,
				D6C62C0C27BF3F9D0056092C /* CitiesViewController.xib */,
			);
			path = CitiesViewController;
			sourceTree = "<group>";
		};
		D6C62BFE27BF35870056092C /* MapViewContoller */ = {
			isa = PBXGroup;
			children = (
				D6C62C1427BF4A8C0056092C /* MapViewController.swift */,
				D6C62C1527BF4A8C0056092C /* MapViewController.xib */,
			);
			path = MapViewContoller;
			sourceTree = "<group>";
		};
		D6C62BFF27BF361A0056092C /* Core */ = {
			isa = PBXGroup;
			children = (
				D6C690EF27BFD66A0025B3F1 /* Extensions */,
				D6C62C0427BF378E0056092C /* Services */,
				D6C62C0127BF362D0056092C /* Model */,
				D6C62C0027BF36280056092C /* LocalData */,
			);
			path = Core;
			sourceTree = "<group>";
		};
		D6C62C0027BF36280056092C /* LocalData */ = {
			isa = PBXGroup;
			children = (
				D6C62C0527BF37E60056092C /* cities.json */,
			);
			path = LocalData;
			sourceTree = "<group>";
		};
		D6C62C0127BF362D0056092C /* Model */ = {
			isa = PBXGroup;
			children = (
				D6C62C0927BF3B490056092C /* CityModel.swift */,
			);
			path = Model;
			sourceTree = "<group>";
		};
		D6C62C0427BF378E0056092C /* Services */ = {
			isa = PBXGroup;
			children = (
				D6C62C1E27BF68AC0056092C /* Search */,
				D6C62C0727BF38170056092C /* Helper.swift */,
			);
			path = Services;
			sourceTree = "<group>";
		};
		D6C62C0F27BF3FCD0056092C /* Cells */ = {
			isa = PBXGroup;
			children = (
				D6C62C1027BF3FED0056092C /* CityTableViewCell.swift */,
				D6C62C1127BF3FED0056092C /* CityTableViewCell.xib */,
			);
			path = Cells;
			sourceTree = "<group>";
		};
		D6C62C1E27BF68AC0056092C /* Search */ = {
			isa = PBXGroup;
			children = (
				D6C62C1F27BF68C70056092C /* SearchCityService.swift */,
			);
			path = Search;
			sourceTree = "<group>";
		};
		D6C690EF27BFD66A0025B3F1 /* Extensions */ = {
			isa = PBXGroup;
			children = (
				D6C690F027BFD67D0025B3F1 /* String+Ext.swift */,
				D6C33FBA27C243B0003C268F /* Array+Ext.swift */,
			);
			path = Extensions;
			sourceTree = "<group>";
		};
/* End PBXGroup section */

/* Begin PBXNativeTarget section */
		D6C62BC627BF314A0056092C /* Assignment */ = {
			isa = PBXNativeTarget;
			buildConfigurationList = D6C62BF127BF314C0056092C /* Build configuration list for PBXNativeTarget "Assignment" */;
			buildPhases = (
				D6C62BC327BF314A0056092C /* Sources */,
				D6C62BC427BF314A0056092C /* Frameworks */,
				D6C62BC527BF314A0056092C /* Resources */,
			);
			buildRules = (
			);
			dependencies = (
			);
			name = Assignment;
			productName = Assignment;
			productReference = D6C62BC727BF314A0056092C /* Assignment.app */;
			productType = "com.apple.product-type.application";
		};
		D6C62BDC27BF314C0056092C /* AssignmentTests */ = {
			isa = PBXNativeTarget;
			buildConfigurationList = D6C62BF427BF314C0056092C /* Build configuration list for PBXNativeTarget "AssignmentTests" */;
			buildPhases = (
				D6C62BD927BF314C0056092C /* Sources */,
				D6C62BDA27BF314C0056092C /* Frameworks */,
				D6C62BDB27BF314C0056092C /* Resources */,
			);
			buildRules = (
			);
			dependencies = (
				D6C62BDF27BF314C0056092C /* PBXTargetDependency */,
			);
			name = AssignmentTests;
			productName = AssignmentTests;
			productReference = D6C62BDD27BF314C0056092C /* AssignmentTests.xctest */;
			productType = "com.apple.product-type.bundle.unit-test";
		};
		D6C62BE627BF314C0056092C /* AssignmentUITests */ = {
			isa = PBXNativeTarget;
			buildConfigurationList = D6C62BF727BF314C0056092C /* Build configuration list for PBXNativeTarget "AssignmentUITests" */;
			buildPhases = (
				D6C62BE327BF314C0056092C /* Sources */,
				D6C62BE427BF314C0056092C /* Frameworks */,
				D6C62BE527BF314C0056092C /* Resources */,
			);
			buildRules = (
			);
			dependencies = (
				D6C62BE927BF314C0056092C /* PBXTargetDependency */,
			);
			name = AssignmentUITests;
			productName = AssignmentUITests;
			productReference = D6C62BE727BF314C0056092C /* AssignmentUITests.xctest */;
			productType = "com.apple.product-type.bundle.ui-testing";
		};
/* End PBXNativeTarget section */

/* Begin PBXProject section */
		D6C62BBF27BF314A0056092C /* Project object */ = {
			isa = PBXProject;
			attributes = {
				BuildIndependentTargetsInParallel = 1;
				LastSwiftUpdateCheck = 1320;
				LastUpgradeCheck = 1320;
				TargetAttributes = {
					D6C62BC627BF314A0056092C = {
						CreatedOnToolsVersion = 13.2.1;
					};
					D6C62BDC27BF314C0056092C = {
						CreatedOnToolsVersion = 13.2.1;
						TestTargetID = D6C62BC627BF314A0056092C;
					};
					D6C62BE627BF314C0056092C = {
						CreatedOnToolsVersion = 13.2.1;
						TestTargetID = D6C62BC627BF314A0056092C;
					};
				};
			};
			buildConfigurationList = D6C62BC227BF314A0056092C /* Build configuration list for PBXProject "Assignment" */;
			compatibilityVersion = "Xcode 13.0";
			developmentRegion = en;
			hasScannedForEncodings = 0;
			knownRegions = (
				en,
				Base,
			);
			mainGroup = D6C62BBE27BF314A0056092C;
			productRefGroup = D6C62BC827BF314A0056092C /* Products */;
			projectDirPath = "";
			projectRoot = "";
			targets = (
				D6C62BC627BF314A0056092C /* Assignment */,
				D6C62BDC27BF314C0056092C /* AssignmentTests */,
				D6C62BE627BF314C0056092C /* AssignmentUITests */,
			);
		};
/* End PBXProject section */

/* Begin PBXResourcesBuildPhase section */
		D6C62BC527BF314A0056092C /* Resources */ = {
			isa = PBXResourcesBuildPhase;
			buildActionMask = 2147483647;
			files = (
				D6C62C0627BF37E60056092C /* cities.json in Resources */,
				D6C62BD727BF314B0056092C /* LaunchScreen.storyboard in Resources */,
				D6C62BD427BF314B0056092C /* Assets.xcassets in Resources */,
				D6C62BD227BF314A0056092C /* Main.storyboard in Resources */,
				D6C62C1727BF4A8C0056092C /* MapViewController.xib in Resources */,
				D6C62C1327BF3FED0056092C /* CityTableViewCell.xib in Resources */,
				D6C62C0E27BF3F9D0056092C /* CitiesViewController.xib in Resources */,
			);
			runOnlyForDeploymentPostprocessing = 0;
		};
		D6C62BDB27BF314C0056092C /* Resources */ = {
			isa = PBXResourcesBuildPhase;
			buildActionMask = 2147483647;
			files = (
			);
			runOnlyForDeploymentPostprocessing = 0;
		};
		D6C62BE527BF314C0056092C /* Resources */ = {
			isa = PBXResourcesBuildPhase;
			buildActionMask = 2147483647;
			files = (
			);
			runOnlyForDeploymentPostprocessing = 0;
		};
/* End PBXResourcesBuildPhase section */

/* Begin PBXSourcesBuildPhase section */
		D6C62BC327BF314A0056092C /* Sources */ = {
			isa = PBXSourcesBuildPhase;
			buildActionMask = 2147483647;
			files = (
				D6C62C0A27BF3B490056092C /* CityModel.swift in Sources */,
				D6C62C2027BF68C70056092C /* SearchCityService.swift in Sources */,
				D6C62C1227BF3FED0056092C /* CityTableViewCell.swift in Sources */,
				D6C62BCF27BF314A0056092C /* ViewController.swift in Sources */,
				D6C62BCB27BF314A0056092C /* AppDelegate.swift in Sources */,
				D6C62C0D27BF3F9D0056092C /* CitiesViewController.swift in Sources */,
				D6C33FBB27C243B0003C268F /* Array+Ext.swift in Sources */,
				D6C62BCD27BF314A0056092C /* SceneDelegate.swift in Sources */,
				D6C62C0827BF38170056092C /* Helper.swift in Sources */,
				D6C690F127BFD67D0025B3F1 /* String+Ext.swift in Sources */,
				D6C62C1627BF4A8C0056092C /* MapViewController.swift in Sources */,
			);
			runOnlyForDeploymentPostprocessing = 0;
		};
		D6C62BD927BF314C0056092C /* Sources */ = {
			isa = PBXSourcesBuildPhase;
			buildActionMask = 2147483647;
			files = (
				D6C62BE227BF314C0056092C /* AssignmentTests.swift in Sources */,
			);
			runOnlyForDeploymentPostprocessing = 0;
		};
		D6C62BE327BF314C0056092C /* Sources */ = {
			isa = PBXSourcesBuildPhase;
			buildActionMask = 2147483647;
			files = (
				D6C62BEC27BF314C0056092C /* AssignmentUITests.swift in Sources */,
				D6C62BEE27BF314C0056092C /* AssignmentUITestsLaunchTests.swift in Sources */,
			);
			runOnlyForDeploymentPostprocessing = 0;
		};
/* End PBXSourcesBuildPhase section */

/* Begin PBXTargetDependency section */
		D6C62BDF27BF314C0056092C /* PBXTargetDependency */ = {
			isa = PBXTargetDependency;
			target = D6C62BC627BF314A0056092C /* Assignment */;
			targetProxy = D6C62BDE27BF314C0056092C /* PBXContainerItemProxy */;
		};
		D6C62BE927BF314C0056092C /* PBXTargetDependency */ = {
			isa = PBXTargetDependency;
			target = D6C62BC627BF314A0056092C /* Assignment */;
			targetProxy = D6C62BE827BF314C0056092C /* PBXContainerItemProxy */;
		};
/* End PBXTargetDependency section */

/* Begin PBXVariantGroup section */
		D6C62BD027BF314A0056092C /* Main.storyboard */ = {
			isa = PBXVariantGroup;
			children = (
				D6C62BD127BF314A0056092C /* Base */,
			);
			name = Main.storyboard;
			sourceTree = "<group>";
		};
		D6C62BD527BF314B0056092C /* LaunchScreen.storyboard */ = {
			isa = PBXVariantGroup;
			children = (
				D6C62BD627BF314B0056092C /* Base */,
			);
			name = LaunchScreen.storyboard;
			sourceTree = "<group>";
		};
/* End PBXVariantGroup section */

/* Begin XCBuildConfiguration section */
		D6C62BEF27BF314C0056092C /* Debug */ = {
			isa = XCBuildConfiguration;
			buildSettings = {
				ALWAYS_SEARCH_USER_PATHS = NO;
				CLANG_ANALYZER_NONNULL = YES;
				CLANG_ANALYZER_NUMBER_OBJECT_CONVERSION = YES_AGGRESSIVE;
				CLANG_CXX_LANGUAGE_STANDARD = "gnu++17";
				CLANG_CXX_LIBRARY = "libc++";
				CLANG_ENABLE_MODULES = YES;
				CLANG_ENABLE_OBJC_ARC = YES;
				CLANG_ENABLE_OBJC_WEAK = YES;
				CLANG_WARN_BLOCK_CAPTURE_AUTORELEASING = YES;
				CLANG_WARN_BOOL_CONVERSION = YES;
				CLANG_WARN_COMMA = YES;
				CLANG_WARN_CONSTANT_CONVERSION = YES;
				CLANG_WARN_DEPRECATED_OBJC_IMPLEMENTATIONS = YES;
				CLANG_WARN_DIRECT_OBJC_ISA_USAGE = YES_ERROR;
				CLANG_WARN_DOCUMENTATION_COMMENTS = YES;
				CLANG_WARN_EMPTY_BODY = YES;
				CLANG_WARN_ENUM_CONVERSION = YES;
				CLANG_WARN_INFINITE_RECURSION = YES;
				CLANG_WARN_INT_CONVERSION = YES;
				CLANG_WARN_NON_LITERAL_NULL_CONVERSION = YES;
				CLANG_WARN_OBJC_IMPLICIT_RETAIN_SELF = YES;
				CLANG_WARN_OBJC_LITERAL_CONVERSION = YES;
				CLANG_WARN_OBJC_ROOT_CLASS = YES_ERROR;
				CLANG_WARN_QUOTED_INCLUDE_IN_FRAMEWORK_HEADER = YES;
				CLANG_WARN_RANGE_LOOP_ANALYSIS = YES;
				CLANG_WARN_STRICT_PROTOTYPES = YES;
				CLANG_WARN_SUSPICIOUS_MOVE = YES;
				CLANG_WARN_UNGUARDED_AVAILABILITY = YES_AGGRESSIVE;
				CLANG_WARN_UNREACHABLE_CODE = YES;
				CLANG_WARN__DUPLICATE_METHOD_MATCH = YES;
				COPY_PHASE_STRIP = NO;
				DEBUG_INFORMATION_FORMAT = dwarf;
				ENABLE_STRICT_OBJC_MSGSEND = YES;
				ENABLE_TESTABILITY = YES;
				GCC_C_LANGUAGE_STANDARD = gnu11;
				GCC_DYNAMIC_NO_PIC = NO;
				GCC_NO_COMMON_BLOCKS = YES;
				GCC_OPTIMIZATION_LEVEL = 0;
				GCC_PREPROCESSOR_DEFINITIONS = (
					"DEBUG=1",
					"$(inherited)",
				);
				GCC_WARN_64_TO_32_BIT_CONVERSION = YES;
				GCC_WARN_ABOUT_RETURN_TYPE = YES_ERROR;
				GCC_WARN_UNDECLARED_SELECTOR = YES;
				GCC_WARN_UNINITIALIZED_AUTOS = YES_AGGRESSIVE;
				GCC_WARN_UNUSED_FUNCTION = YES;
				GCC_WARN_UNUSED_VARIABLE = YES;
				IPHONEOS_DEPLOYMENT_TARGET = 14.0;
				MTL_ENABLE_DEBUG_INFO = INCLUDE_SOURCE;
				MTL_FAST_MATH = YES;
				ONLY_ACTIVE_ARCH = YES;
				SDKROOT = iphoneos;
				SWIFT_ACTIVE_COMPILATION_CONDITIONS = DEBUG;
				SWIFT_OPTIMIZATION_LEVEL = "-Onone";
			};
			name = Debug;
		};
		D6C62BF027BF314C0056092C /* Release */ = {
			isa = XCBuildConfiguration;
			buildSettings = {
				ALWAYS_SEARCH_USER_PATHS = NO;
				CLANG_ANALYZER_NONNULL = YES;
				CLANG_ANALYZER_NUMBER_OBJECT_CONVERSION = YES_AGGRESSIVE;
				CLANG_CXX_LANGUAGE_STANDARD = "gnu++17";
				CLANG_CXX_LIBRARY = "libc++";
				CLANG_ENABLE_MODULES = YES;
				CLANG_ENABLE_OBJC_ARC = YES;
				CLANG_ENABLE_OBJC_WEAK = YES;
				CLANG_WARN_BLOCK_CAPTURE_AUTORELEASING = YES;
				CLANG_WARN_BOOL_CONVERSION = YES;
				CLANG_WARN_COMMA = YES;
				CLANG_WARN_CONSTANT_CONVERSION = YES;
				CLANG_WARN_DEPRECATED_OBJC_IMPLEMENTATIONS = YES;
				CLANG_WARN_DIRECT_OBJC_ISA_USAGE = YES_ERROR;
				CLANG_WARN_DOCUMENTATION_COMMENTS = YES;
				CLANG_WARN_EMPTY_BODY = YES;
				CLANG_WARN_ENUM_CONVERSION = YES;
				CLANG_WARN_INFINITE_RECURSION = YES;
				CLANG_WARN_INT_CONVERSION = YES;
				CLANG_WARN_NON_LITERAL_NULL_CONVERSION = YES;
				CLANG_WARN_OBJC_IMPLICIT_RETAIN_SELF = YES;
				CLANG_WARN_OBJC_LITERAL_CONVERSION = YES;
				CLANG_WARN_OBJC_ROOT_CLASS = YES_ERROR;
				CLANG_WARN_QUOTED_INCLUDE_IN_FRAMEWORK_HEADER = YES;
				CLANG_WARN_RANGE_LOOP_ANALYSIS = YES;
				CLANG_WARN_STRICT_PROTOTYPES = YES;
				CLANG_WARN_SUSPICIOUS_MOVE = YES;
				CLANG_WARN_UNGUARDED_AVAILABILITY = YES_AGGRESSIVE;
				CLANG_WARN_UNREACHABLE_CODE = YES;
				CLANG_WARN__DUPLICATE_METHOD_MATCH = YES;
				COPY_PHASE_STRIP = NO;
				DEBUG_INFORMATION_FORMAT = "dwarf-with-dsym";
				ENABLE_NS_ASSERTIONS = NO;
				ENABLE_STRICT_OBJC_MSGSEND = YES;
				GCC_C_LANGUAGE_STANDARD = gnu11;
				GCC_NO_COMMON_BLOCKS = YES;
				GCC_WARN_64_TO_32_BIT_CONVERSION = YES;
				GCC_WARN_ABOUT_RETURN_TYPE = YES_ERROR;
				GCC_WARN_UNDECLARED_SELECTOR = YES;
				GCC_WARN_UNINITIALIZED_AUTOS = YES_AGGRESSIVE;
				GCC_WARN_UNUSED_FUNCTION = YES;
				GCC_WARN_UNUSED_VARIABLE = YES;
				IPHONEOS_DEPLOYMENT_TARGET = 14.0;
				MTL_ENABLE_DEBUG_INFO = NO;
				MTL_FAST_MATH = YES;
				SDKROOT = iphoneos;
				SWIFT_COMPILATION_MODE = wholemodule;
				SWIFT_OPTIMIZATION_LEVEL = "-O";
				VALIDATE_PRODUCT = YES;
			};
			name = Release;
		};
		D6C62BF227BF314C0056092C /* Debug */ = {
			isa = XCBuildConfiguration;
			buildSettings = {
				ASSETCATALOG_COMPILER_APPICON_NAME = AppIcon;
				ASSETCATALOG_COMPILER_GLOBAL_ACCENT_COLOR_NAME = AccentColor;
				CODE_SIGN_STYLE = Automatic;
				CURRENT_PROJECT_VERSION = 1;
				GENERATE_INFOPLIST_FILE = YES;
				INFOPLIST_FILE = Assignment/Info.plist;
				INFOPLIST_KEY_UIApplicationSupportsIndirectInputEvents = YES;
				INFOPLIST_KEY_UILaunchStoryboardName = LaunchScreen;
				INFOPLIST_KEY_UIMainStoryboardFile = Main;
				INFOPLIST_KEY_UISupportedInterfaceOrientations_iPad = "UIInterfaceOrientationPortrait UIInterfaceOrientationPortraitUpsideDown UIInterfaceOrientationLandscapeLeft UIInterfaceOrientationLandscapeRight";
				INFOPLIST_KEY_UISupportedInterfaceOrientations_iPhone = "UIInterfaceOrientationPortrait UIInterfaceOrientationLandscapeLeft UIInterfaceOrientationLandscapeRight";
				LD_RUNPATH_SEARCH_PATHS = (
					"$(inherited)",
					"@executable_path/Frameworks",
				);
				MARKETING_VERSION = 1.0;
				PRODUCT_BUNDLE_IDENTIFIER = com.toanht.Assignment;
				PRODUCT_NAME = "$(TARGET_NAME)";
				SWIFT_EMIT_LOC_STRINGS = YES;
				SWIFT_VERSION = 5.0;
				TARGETED_DEVICE_FAMILY = "1,2";
			};
			name = Debug;
		};
		D6C62BF327BF314C0056092C /* Release */ = {
			isa = XCBuildConfiguration;
			buildSettings = {
				ASSETCATALOG_COMPILER_APPICON_NAME = AppIcon;
				ASSETCATALOG_COMPILER_GLOBAL_ACCENT_COLOR_NAME = AccentColor;
				CODE_SIGN_STYLE = Automatic;
				CURRENT_PROJECT_VERSION = 1;
				GENERATE_INFOPLIST_FILE = YES;
				INFOPLIST_FILE = Assignment/Info.plist;
				INFOPLIST_KEY_UIApplicationSupportsIndirectInputEvents = YES;
				INFOPLIST_KEY_UILaunchStoryboardName = LaunchScreen;
				INFOPLIST_KEY_UIMainStoryboardFile = Main;
				INFOPLIST_KEY_UISupportedInterfaceOrientations_iPad = "UIInterfaceOrientationPortrait UIInterfaceOrientationPortraitUpsideDown UIInterfaceOrientationLandscapeLeft UIInterfaceOrientationLandscapeRight";
				INFOPLIST_KEY_UISupportedInterfaceOrientations_iPhone = "UIInterfaceOrientationPortrait UIInterfaceOrientationLandscapeLeft UIInterfaceOrientationLandscapeRight";
				LD_RUNPATH_SEARCH_PATHS = (
					"$(inherited)",
					"@executable_path/Frameworks",
				);
				MARKETING_VERSION = 1.0;
				PRODUCT_BUNDLE_IDENTIFIER = com.toanht.Assignment;
				PRODUCT_NAME = "$(TARGET_NAME)";
				SWIFT_EMIT_LOC_STRINGS = YES;
				SWIFT_VERSION = 5.0;
				TARGETED_DEVICE_FAMILY = "1,2";
			};
			name = Release;
		};
		D6C62BF527BF314C0056092C /* Debug */ = {
			isa = XCBuildConfiguration;
			buildSettings = {
				ALWAYS_EMBED_SWIFT_STANDARD_LIBRARIES = YES;
				BUNDLE_LOADER = "$(TEST_HOST)";
				CODE_SIGN_STYLE = Automatic;
				CURRENT_PROJECT_VERSION = 1;
				GENERATE_INFOPLIST_FILE = YES;
				IPHONEOS_DEPLOYMENT_TARGET = 15.2;
				MARKETING_VERSION = 1.0;
				PRODUCT_BUNDLE_IDENTIFIER = com.toanht.assignment.AssignmentTests;
				PRODUCT_NAME = "$(TARGET_NAME)";
				SWIFT_EMIT_LOC_STRINGS = NO;
				SWIFT_VERSION = 5.0;
				TARGETED_DEVICE_FAMILY = "1,2";
				TEST_HOST = "$(BUILT_PRODUCTS_DIR)/Assignment.app/Assignment";
			};
			name = Debug;
		};
		D6C62BF627BF314C0056092C /* Release */ = {
			isa = XCBuildConfiguration;
			buildSettings = {
				ALWAYS_EMBED_SWIFT_STANDARD_LIBRARIES = YES;
				BUNDLE_LOADER = "$(TEST_HOST)";
				CODE_SIGN_STYLE = Automatic;
				CURRENT_PROJECT_VERSION = 1;
				GENERATE_INFOPLIST_FILE = YES;
				IPHONEOS_DEPLOYMENT_TARGET = 15.2;
				MARKETING_VERSION = 1.0;
				PRODUCT_BUNDLE_IDENTIFIER = com.toanht.assignment.AssignmentTests;
				PRODUCT_NAME = "$(TARGET_NAME)";
				SWIFT_EMIT_LOC_STRINGS = NO;
				SWIFT_VERSION = 5.0;
				TARGETED_DEVICE_FAMILY = "1,2";
				TEST_HOST = "$(BUILT_PRODUCTS_DIR)/Assignment.app/Assignment";
			};
			name = Release;
		};
		D6C62BF827BF314C0056092C /* Debug */ = {
			isa = XCBuildConfiguration;
			buildSettings = {
				ALWAYS_EMBED_SWIFT_STANDARD_LIBRARIES = YES;
				CODE_SIGN_STYLE = Automatic;
				CURRENT_PROJECT_VERSION = 1;
				GENERATE_INFOPLIST_FILE = YES;
				MARKETING_VERSION = 1.0;
				PRODUCT_BUNDLE_IDENTIFIER = com.toanht.assignment.AssignmentUITests;
				PRODUCT_NAME = "$(TARGET_NAME)";
				SWIFT_EMIT_LOC_STRINGS = NO;
				SWIFT_VERSION = 5.0;
				TARGETED_DEVICE_FAMILY = "1,2";
				TEST_TARGET_NAME = Assignment;
			};
			name = Debug;
		};
		D6C62BF927BF314C0056092C /* Release */ = {
			isa = XCBuildConfiguration;
			buildSettings = {
				ALWAYS_EMBED_SWIFT_STANDARD_LIBRARIES = YES;
				CODE_SIGN_STYLE = Automatic;
				CURRENT_PROJECT_VERSION = 1;
				GENERATE_INFOPLIST_FILE = YES;
				MARKETING_VERSION = 1.0;
				PRODUCT_BUNDLE_IDENTIFIER = com.toanht.assignment.AssignmentUITests;
				PRODUCT_NAME = "$(TARGET_NAME)";
				SWIFT_EMIT_LOC_STRINGS = NO;
				SWIFT_VERSION = 5.0;
				TARGETED_DEVICE_FAMILY = "1,2";
				TEST_TARGET_NAME = Assignment;
			};
			name = Release;
		};
/* End XCBuildConfiguration section */

/* Begin XCConfigurationList section */
		D6C62BC227BF314A0056092C /* Build configuration list for PBXProject "Assignment" */ = {
			isa = XCConfigurationList;
			buildConfigurations = (
				D6C62BEF27BF314C0056092C /* Debug */,
				D6C62BF027BF314C0056092C /* Release */,
			);
			defaultConfigurationIsVisible = 0;
			defaultConfigurationName = Release;
		};
		D6C62BF127BF314C0056092C /* Build configuration list for PBXNativeTarget "Assignment" */ = {
			isa = XCConfigurationList;
			buildConfigurations = (
				D6C62BF227BF314C0056092C /* Debug */,
				D6C62BF327BF314C0056092C /* Release */,
			);
			defaultConfigurationIsVisible = 0;
			defaultConfigurationName = Release;
		};
		D6C62BF427BF314C0056092C /* Build configuration list for PBXNativeTarget "AssignmentTests" */ = {
			isa = XCConfigurationList;
			buildConfigurations = (
				D6C62BF527BF314C0056092C /* Debug */,
				D6C62BF627BF314C0056092C /* Release */,
			);
			defaultConfigurationIsVisible = 0;
			defaultConfigurationName = Release;
		};
		D6C62BF727BF314C0056092C /* Build configuration list for PBXNativeTarget "AssignmentUITests" */ = {
			isa = XCConfigurationList;
			buildConfigurations = (
				D6C62BF827BF314C0056092C /* Debug */,
				D6C62BF927BF314C0056092C /* Release */,
			);
			defaultConfigurationIsVisible = 0;
			defaultConfigurationName = Release;
		};
/* End XCConfigurationList section */
	};
	rootObject = D6C62BBF27BF314A0056092C /* Project object */;
}
